// !$*UTF8*$!
{
	archiveVersion = 1;
	classes = {
	};
	objectVersion = 48;
	objects = {

/* Begin PBXBuildFile section */
		D6244BBF214E9361003F9973 /* AppDelegate.swift in Sources */ = {isa = PBXBuildFile; fileRef = D6244BBE214E9361003F9973 /* AppDelegate.swift */; };
		D6244BC1214E9361003F9973 /* ViewController.swift in Sources */ = {isa = PBXBuildFile; fileRef = D6244BC0214E9361003F9973 /* ViewController.swift */; };
		D6244BC4214E9362003F9973 /* Main.storyboard in Resources */ = {isa = PBXBuildFile; fileRef = D6244BC2214E9362003F9973 /* Main.storyboard */; };
		D6244BC6214E9362003F9973 /* Assets.xcassets in Resources */ = {isa = PBXBuildFile; fileRef = D6244BC5214E9362003F9973 /* Assets.xcassets */; };
		D6244BC9214E9362003F9973 /* LaunchScreen.storyboard in Resources */ = {isa = PBXBuildFile; fileRef = D6244BC7214E9362003F9973 /* LaunchScreen.storyboard */; };
		D6244BD4214E9362003F9973 /* SecondKadaiAppTests.swift in Sources */ = {isa = PBXBuildFile; fileRef = D6244BD3214E9362003F9973 /* SecondKadaiAppTests.swift */; };
		D6244BDF214E9362003F9973 /* SecondKadaiAppUITests.swift in Sources */ = {isa = PBXBuildFile; fileRef = D6244BDE214E9362003F9973 /* SecondKadaiAppUITests.swift */; };
		D6244BED214E964D003F9973 /* RusultViewController.swift in Sources */ = {isa = PBXBuildFile; fileRef = D6244BEC214E964D003F9973 /* RusultViewController.swift */; };
/* End PBXBuildFile section */

/* Begin PBXContainerItemProxy section */
		D6244BD0214E9362003F9973 /* PBXContainerItemProxy */ = {
			isa = PBXContainerItemProxy;
			containerPortal = D6244BB3214E9361003F9973 /* Project object */;
			proxyType = 1;
			remoteGlobalIDString = D6244BBA214E9361003F9973;
			remoteInfo = SecondKadaiApp;
		};
		D6244BDB214E9362003F9973 /* PBXContainerItemProxy */ = {
			isa = PBXContainerItemProxy;
			containerPortal = D6244BB3214E9361003F9973 /* Project object */;
			proxyType = 1;
			remoteGlobalIDString = D6244BBA214E9361003F9973;
			remoteInfo = SecondKadaiApp;
		};
/* End PBXContainerItemProxy section */

/* Begin PBXFileReference section */
		D6244BBB214E9361003F9973 /* SecondKadaiApp.app */ = {isa = PBXFileReference; explicitFileType = wrapper.application; includeInIndex = 0; path = SecondKadaiApp.app; sourceTree = BUILT_PRODUCTS_DIR; };
		D6244BBE214E9361003F9973 /* AppDelegate.swift */ = {isa = PBXFileReference; lastKnownFileType = sourcecode.swift; path = AppDelegate.swift; sourceTree = "<group>"; };
		D6244BC0214E9361003F9973 /* ViewController.swift */ = {isa = PBXFileReference; lastKnownFileType = sourcecode.swift; path = ViewController.swift; sourceTree = "<group>"; };
		D6244BC3214E9362003F9973 /* Base */ = {isa = PBXFileReference; lastKnownFileType = file.storyboard; name = Base; path = Base.lproj/Main.storyboard; sourceTree = "<group>"; };
		D6244BC5214E9362003F9973 /* Assets.xcassets */ = {isa = PBXFileReference; lastKnownFileType = folder.assetcatalog; path = Assets.xcassets; sourceTree = "<group>"; };
		D6244BC8214E9362003F9973 /* Base */ = {isa = PBXFileReference; lastKnownFileType = file.storyboard; name = Base; path = Base.lproj/LaunchScreen.storyboard; sourceTree = "<group>"; };
		D6244BCA214E9362003F9973 /* Info.plist */ = {isa = PBXFileReference; lastKnownFileType = text.plist.xml; path = Info.plist; sourceTree = "<group>"; };
		D6244BCF214E9362003F9973 /* SecondKadaiAppTests.xctest */ = {isa = PBXFileReference; explicitFileType = wrapper.cfbundle; includeInIndex = 0; path = SecondKadaiAppTests.xctest; sourceTree = BUILT_PRODUCTS_DIR; };
		D6244BD3214E9362003F9973 /* SecondKadaiAppTests.swift */ = {isa = PBXFileReference; lastKnownFileType = sourcecode.swift; path = SecondKadaiAppTests.swift; sourceTree = "<group>"; };
		D6244BD5214E9362003F9973 /* Info.plist */ = {isa = PBXFileReference; lastKnownFileType = text.plist.xml; path = Info.plist; sourceTree = "<group>"; };
		D6244BDA214E9362003F9973 /* SecondKadaiAppUITests.xctest */ = {isa = PBXFileReference; explicitFileType = wrapper.cfbundle; includeInIndex = 0; path = SecondKadaiAppUITests.xctest; sourceTree = BUILT_PRODUCTS_DIR; };
		D6244BDE214E9362003F9973 /* SecondKadaiAppUITests.swift */ = {isa = PBXFileReference; lastKnownFileType = sourcecode.swift; path = SecondKadaiAppUITests.swift; sourceTree = "<group>"; };
		D6244BE0214E9362003F9973 /* Info.plist */ = {isa = PBXFileReference; lastKnownFileType = text.plist.xml; path = Info.plist; sourceTree = "<group>"; };
		D6244BEC214E964D003F9973 /* RusultViewController.swift */ = {isa = PBXFileReference; lastKnownFileType = sourcecode.swift; path = RusultViewController.swift; sourceTree = "<group>"; };
/* End PBXFileReference section */

/* Begin PBXFrameworksBuildPhase section */
		D6244BB8214E9361003F9973 /* Frameworks */ = {
			isa = PBXFrameworksBuildPhase;
			buildActionMask = 2147483647;
			files = (
			);
			runOnlyForDeploymentPostprocessing = 0;
		};
		D6244BCC214E9362003F9973 /* Frameworks */ = {
			isa = PBXFrameworksBuildPhase;
			buildActionMask = 2147483647;
			files = (
			);
			runOnlyForDeploymentPostprocessing = 0;
		};
		D6244BD7214E9362003F9973 /* Frameworks */ = {
			isa = PBXFrameworksBuildPhase;
			buildActionMask = 2147483647;
			files = (
			);
			runOnlyForDeploymentPostprocessing = 0;
		};
/* End PBXFrameworksBuildPhase section */

/* Begin PBXGroup section */
		D6244BB2214E9361003F9973 = {
			isa = PBXGroup;
			children = (
				D6244BBD214E9361003F9973 /* SecondKadaiApp */,
				D6244BD2214E9362003F9973 /* SecondKadaiAppTests */,
				D6244BDD214E9362003F9973 /* SecondKadaiAppUITests */,
				D6244BBC214E9361003F9973 /* Products */,
			);
			sourceTree = "<group>";
		};
		D6244BBC214E9361003F9973 /* Products */ = {
			isa = PBXGroup;
			children = (
				D6244BBB214E9361003F9973 /* SecondKadaiApp.app */,
				D6244BCF214E9362003F9973 /* SecondKadaiAppTests.xctest */,
				D6244BDA214E9362003F9973 /* SecondKadaiAppUITests.xctest */,
			);
			name = Products;
			sourceTree = "<group>";
		};
		D6244BBD214E9361003F9973 /* SecondKadaiApp */ = {
			isa = PBXGroup;
			children = (
				D6244BBE214E9361003F9973 /* AppDelegate.swift */,
				D6244BC0214E9361003F9973 /* ViewController.swift */,
				D6244BC2214E9362003F9973 /* Main.storyboard */,
				D6244BC5214E9362003F9973 /* Assets.xcassets */,
				D6244BC7214E9362003F9973 /* LaunchScreen.storyboard */,
				D6244BCA214E9362003F9973 /* Info.plist */,
				D6244BEC214E964D003F9973 /* RusultViewController.swift */,
			);
			path = SecondKadaiApp;
			sourceTree = "<group>";
		};
		D6244BD2214E9362003F9973 /* SecondKadaiAppTests */ = {
			isa = PBXGroup;
			children = (
				D6244BD3214E9362003F9973 /* SecondKadaiAppTests.swift */,
				D6244BD5214E9362003F9973 /* Info.plist */,
			);
			path = SecondKadaiAppTests;
			sourceTree = "<group>";
		};
		D6244BDD214E9362003F9973 /* SecondKadaiAppUITests */ = {
			isa = PBXGroup;
			children = (
				D6244BDE214E9362003F9973 /* SecondKadaiAppUITests.swift */,
				D6244BE0214E9362003F9973 /* Info.plist */,
			);
			path = SecondKadaiAppUITests;
			sourceTree = "<group>";
		};
/* End PBXGroup section */

/* Begin PBXNativeTarget section */
		D6244BBA214E9361003F9973 /* SecondKadaiApp */ = {
			isa = PBXNativeTarget;
			buildConfigurationList = D6244BE3214E9362003F9973 /* Build configuration list for PBXNativeTarget "SecondKadaiApp" */;
			buildPhases = (
				D6244BB7214E9361003F9973 /* Sources */,
				D6244BB8214E9361003F9973 /* Frameworks */,
				D6244BB9214E9361003F9973 /* Resources */,
			);
			buildRules = (
			);
			dependencies = (
			);
			name = SecondKadaiApp;
			productName = SecondKadaiApp;
			productReference = D6244BBB214E9361003F9973 /* SecondKadaiApp.app */;
			productType = "com.apple.product-type.application";
		};
		D6244BCE214E9362003F9973 /* SecondKadaiAppTests */ = {
			isa = PBXNativeTarget;
			buildConfigurationList = D6244BE6214E9362003F9973 /* Build configuration list for PBXNativeTarget "SecondKadaiAppTests" */;
			buildPhases = (
				D6244BCB214E9362003F9973 /* Sources */,
				D6244BCC214E9362003F9973 /* Frameworks */,
				D6244BCD214E9362003F9973 /* Resources */,
			);
			buildRules = (
			);
			dependencies = (
				D6244BD1214E9362003F9973 /* PBXTargetDependency */,
			);
			name = SecondKadaiAppTests;
			productName = SecondKadaiAppTests;
			productReference = D6244BCF214E9362003F9973 /* SecondKadaiAppTests.xctest */;
			productType = "com.apple.product-type.bundle.unit-test";
		};
		D6244BD9214E9362003F9973 /* SecondKadaiAppUITests */ = {
			isa = PBXNativeTarget;
			buildConfigurationList = D6244BE9214E9362003F9973 /* Build configuration list for PBXNativeTarget "SecondKadaiAppUITests" */;
			buildPhases = (
				D6244BD6214E9362003F9973 /* Sources */,
				D6244BD7214E9362003F9973 /* Frameworks */,
				D6244BD8214E9362003F9973 /* Resources */,
			);
			buildRules = (
			);
			dependencies = (
				D6244BDC214E9362003F9973 /* PBXTargetDependency */,
			);
			name = SecondKadaiAppUITests;
			productName = SecondKadaiAppUITests;
			productReference = D6244BDA214E9362003F9973 /* SecondKadaiAppUITests.xctest */;
			productType = "com.apple.product-type.bundle.ui-testing";
		};
/* End PBXNativeTarget section */

/* Begin PBXProject section */
		D6244BB3214E9361003F9973 /* Project object */ = {
			isa = PBXProject;
			attributes = {
				LastSwiftUpdateCheck = 0920;
				LastUpgradeCheck = 0920;
				ORGANIZATIONNAME = shota.kohsaka;
				TargetAttributes = {
					D6244BBA214E9361003F9973 = {
						CreatedOnToolsVersion = 9.2;
						ProvisioningStyle = Automatic;
					};
					D6244BCE214E9362003F9973 = {
						CreatedOnToolsVersion = 9.2;
						ProvisioningStyle = Automatic;
						TestTargetID = D6244BBA214E9361003F9973;
					};
					D6244BD9214E9362003F9973 = {
						CreatedOnToolsVersion = 9.2;
						ProvisioningStyle = Automatic;
						TestTargetID = D6244BBA214E9361003F9973;
					};
				};
			};
			buildConfigurationList = D6244BB6214E9361003F9973 /* Build configuration list for PBXProject "SecondKadaiApp" */;
			compatibilityVersion = "Xcode 8.0";
			developmentRegion = en;
			hasScannedForEncodings = 0;
			knownRegions = (
				en,
				Base,
			);
			mainGroup = D6244BB2214E9361003F9973;
			productRefGroup = D6244BBC214E9361003F9973 /* Products */;
			projectDirPath = "";
			projectRoot = "";
			targets = (
				D6244BBA214E9361003F9973 /* SecondKadaiApp */,
				D6244BCE214E9362003F9973 /* SecondKadaiAppTests */,
				D6244BD9214E9362003F9973 /* SecondKadaiAppUITests */,
			);
		};
/* End PBXProject section */

/* Begin PBXResourcesBuildPhase section */
		D6244BB9214E9361003F9973 /* Resources */ = {
			isa = PBXResourcesBuildPhase;
			buildActionMask = 2147483647;
			files = (
				D6244BC9214E9362003F9973 /* LaunchScreen.storyboard in Resources */,
				D6244BC6214E9362003F9973 /* Assets.xcassets in Resources */,
				D6244BC4214E9362003F9973 /* Main.storyboard in Resources */,
			);
			runOnlyForDeploymentPostprocessing = 0;
		};
		D6244BCD214E9362003F9973 /* Resources */ = {
			isa = PBXResourcesBuildPhase;
			buildActionMask = 2147483647;
			files = (
			);
			runOnlyForDeploymentPostprocessing = 0;
		};
		D6244BD8214E9362003F9973 /* Resources */ = {
			isa = PBXResourcesBuildPhase;
			buildActionMask = 2147483647;
			files = (
			);
			runOnlyForDeploymentPostprocessing = 0;
		};
/* End PBXResourcesBuildPhase section */

/* Begin PBXSourcesBuildPhase section */
		D6244BB7214E9361003F9973 /* Sources */ = {
			isa = PBXSourcesBuildPhase;
			buildActionMask = 2147483647;
			files = (
				D6244BED214E964D003F9973 /* RusultViewController.swift in Sources */,
				D6244BC1214E9361003F9973 /* ViewController.swift in Sources */,
				D6244BBF214E9361003F9973 /* AppDelegate.swift in Sources */,
			);
			runOnlyForDeploymentPostprocessing = 0;
		};
		D6244BCB214E9362003F9973 /* Sources */ = {
			isa = PBXSourcesBuildPhase;
			buildActionMask = 2147483647;
			files = (
				D6244BD4214E9362003F9973 /* SecondKadaiAppTests.swift in Sources */,
			);
			runOnlyForDeploymentPostprocessing = 0;
		};
		D6244BD6214E9362003F9973 /* Sources */ = {
			isa = PBXSourcesBuildPhase;
			buildActionMask = 2147483647;
			files = (
				D6244BDF214E9362003F9973 /* SecondKadaiAppUITests.swift in Sources */,
			);
			runOnlyForDeploymentPostprocessing = 0;
		};
/* End PBXSourcesBuildPhase section */

/* Begin PBXTargetDependency section */
		D6244BD1214E9362003F9973 /* PBXTargetDependency */ = {
			isa = PBXTargetDependency;
			target = D6244BBA214E9361003F9973 /* SecondKadaiApp */;
			targetProxy = D6244BD0214E9362003F9973 /* PBXContainerItemProxy */;
		};
		D6244BDC214E9362003F9973 /* PBXTargetDependency */ = {
			isa = PBXTargetDependency;
			target = D6244BBA214E9361003F9973 /* SecondKadaiApp */;
			targetProxy = D6244BDB214E9362003F9973 /* PBXContainerItemProxy */;
		};
/* End PBXTargetDependency section */

/* Begin PBXVariantGroup section */
		D6244BC2214E9362003F9973 /* Main.storyboard */ = {
			isa = PBXVariantGroup;
			children = (
				D6244BC3214E9362003F9973 /* Base */,
			);
			name = Main.storyboard;
			sourceTree = "<group>";
		};
		D6244BC7214E9362003F9973 /* LaunchScreen.storyboard */ = {
			isa = PBXVariantGroup;
			children = (
				D6244BC8214E9362003F9973 /* Base */,
			);
			name = LaunchScreen.storyboard;
			sourceTree = "<group>";
		};
/* End PBXVariantGroup section */

/* Begin XCBuildConfiguration section */
		D6244BE1214E9362003F9973 /* Debug */ = {
			isa = XCBuildConfiguration;
			buildSettings = {
				ALWAYS_SEARCH_USER_PATHS = NO;
				CLANG_ANALYZER_NONNULL = YES;
				CLANG_ANALYZER_NUMBER_OBJECT_CONVERSION = YES_AGGRESSIVE;
				CLANG_CXX_LANGUAGE_STANDARD = "gnu++14";
				CLANG_CXX_LIBRARY = "libc++";
				CLANG_ENABLE_MODULES = YES;
				CLANG_ENABLE_OBJC_ARC = YES;
				CLANG_WARN_BLOCK_CAPTURE_AUTORELEASING = YES;
				CLANG_WARN_BOOL_CONVERSION = YES;
				CLANG_WARN_COMMA = YES;
				CLANG_WARN_CONSTANT_CONVERSION = YES;
				CLANG_WARN_DIRECT_OBJC_ISA_USAGE = YES_ERROR;
				CLANG_WARN_DOCUMENTATION_COMMENTS = YES;
				CLANG_WARN_EMPTY_BODY = YES;
				CLANG_WARN_ENUM_CONVERSION = YES;
				CLANG_WARN_INFINITE_RECURSION = YES;
				CLANG_WARN_INT_CONVERSION = YES;
				CLANG_WARN_NON_LITERAL_NULL_CONVERSION = YES;
				CLANG_WARN_OBJC_LITERAL_CONVERSION = YES;
				CLANG_WARN_OBJC_ROOT_CLASS = YES_ERROR;
				CLANG_WARN_RANGE_LOOP_ANALYSIS = YES;
				CLANG_WARN_STRICT_PROTOTYPES = YES;
				CLANG_WARN_SUSPICIOUS_MOVE = YES;
				CLANG_WARN_UNGUARDED_AVAILABILITY = YES_AGGRESSIVE;
				CLANG_WARN_UNREACHABLE_CODE = YES;
				CLANG_WARN__DUPLICATE_METHOD_MATCH = YES;
				CODE_SIGN_IDENTITY = "iPhone Developer";
				COPY_PHASE_STRIP = NO;
				DEBUG_INFORMATION_FORMAT = dwarf;
				ENABLE_STRICT_OBJC_MSGSEND = YES;
				ENABLE_TESTABILITY = YES;
				GCC_C_LANGUAGE_STANDARD = gnu11;
				GCC_DYNAMIC_NO_PIC = NO;
				GCC_NO_COMMON_BLOCKS = YES;
				GCC_OPTIMIZATION_LEVEL = 0;
				GCC_PREPROCESSOR_DEFINITIONS = (
					"DEBUG=1",
					"$(inherited)",
				);
				GCC_WARN_64_TO_32_BIT_CONVERSION = YES;
				GCC_WARN_ABOUT_RETURN_TYPE = YES_ERROR;
				GCC_WARN_UNDECLARED_SELECTOR = YES;
				GCC_WARN_UNINITIALIZED_AUTOS = YES_AGGRESSIVE;
				GCC_WARN_UNUSED_FUNCTION = YES;
				GCC_WARN_UNUSED_VARIABLE = YES;
				IPHONEOS_DEPLOYMENT_TARGET = 11.2;
				MTL_ENABLE_DEBUG_INFO = YES;
				ONLY_ACTIVE_ARCH = YES;
				SDKROOT = iphoneos;
				SWIFT_ACTIVE_COMPILATION_CONDITIONS = DEBUG;
				SWIFT_OPTIMIZATION_LEVEL = "-Onone";
			};
			name = Debug;
		};
		D6244BE2214E9362003F9973 /* Release */ = {
			isa = XCBuildConfiguration;
			buildSettings = {
				ALWAYS_SEARCH_USER_PATHS = NO;
				CLANG_ANALYZER_NONNULL = YES;
				CLANG_ANALYZER_NUMBER_OBJECT_CONVERSION = YES_AGGRESSIVE;
				CLANG_CXX_LANGUAGE_STANDARD = "gnu++14";
				CLANG_CXX_LIBRARY = "libc++";
				CLANG_ENABLE_MODULES = YES;
				CLANG_ENABLE_OBJC_ARC = YES;
				CLANG_WARN_BLOCK_CAPTURE_AUTORELEASING = YES;
				CLANG_WARN_BOOL_CONVERSION = YES;
				CLANG_WARN_COMMA = YES;
				CLANG_WARN_CONSTANT_CONVERSION = YES;
				CLANG_WARN_DIRECT_OBJC_ISA_USAGE = YES_ERROR;
				CLANG_WARN_DOCUMENTATION_COMMENTS = YES;
				CLANG_WARN_EMPTY_BODY = YES;
				CLANG_WARN_ENUM_CONVERSION = YES;
				CLANG_WARN_INFINITE_RECURSION = YES;
				CLANG_WARN_INT_CONVERSION = YES;
				CLANG_WARN_NON_LITERAL_NULL_CONVERSION = YES;
				CLANG_WARN_OBJC_LITERAL_CONVERSION = YES;
				CLANG_WARN_OBJC_ROOT_CLASS = YES_ERROR;
				CLANG_WARN_RANGE_LOOP_ANALYSIS = YES;
				CLANG_WARN_STRICT_PROTOTYPES = YES;
				CLANG_WARN_SUSPICIOUS_MOVE = YES;
				CLANG_WARN_UNGUARDED_AVAILABILITY = YES_AGGRESSIVE;
				CLANG_WARN_UNREACHABLE_CODE = YES;
				CLANG_WARN__DUPLICATE_METHOD_MATCH = YES;
				CODE_SIGN_IDENTITY = "iPhone Developer";
				COPY_PHASE_STRIP = NO;
				DEBUG_INFORMATION_FORMAT = "dwarf-with-dsym";
				ENABLE_NS_ASSERTIONS = NO;
				ENABLE_STRICT_OBJC_MSGSEND = YES;
				GCC_C_LANGUAGE_STANDARD = gnu11;
				GCC_NO_COMMON_BLOCKS = YES;
				GCC_WARN_64_TO_32_BIT_CONVERSION = YES;
				GCC_WARN_ABOUT_RETURN_TYPE = YES_ERROR;
				GCC_WARN_UNDECLARED_SELECTOR = YES;
				GCC_WARN_UNINITIALIZED_AUTOS = YES_AGGRESSIVE;
				GCC_WARN_UNUSED_FUNCTION = YES;
				GCC_WARN_UNUSED_VARIABLE = YES;
				IPHONEOS_DEPLOYMENT_TARGET = 11.2;
				MTL_ENABLE_DEBUG_INFO = NO;
				SDKROOT = iphoneos;
				SWIFT_OPTIMIZATION_LEVEL = "-Owholemodule";
				VALIDATE_PRODUCT = YES;
			};
			name = Release;
		};
		D6244BE4214E9362003F9973 /* Debug */ = {
			isa = XCBuildConfiguration;
			buildSettings = {
				ASSETCATALOG_COMPILER_APPICON_NAME = AppIcon;
				CODE_SIGN_STYLE = Automatic;
				INFOPLIST_FILE = SecondKadaiApp/Info.plist;
				LD_RUNPATH_SEARCH_PATHS = "$(inherited) @executable_path/Frameworks";
				PRODUCT_BUNDLE_IDENTIFIER = jp.techacademy.shota.kohsaka.SecondKadaiApp;
				PRODUCT_NAME = "$(TARGET_NAME)";
				SWIFT_VERSION = 4.0;
				TARGETED_DEVICE_FAMILY = "1,2";
			};
			name = Debug;
		};
		D6244BE5214E9362003F9973 /* Release */ = {
			isa = XCBuildConfiguration;
			buildSettings = {
				ASSETCATALOG_COMPILER_APPICON_NAME = AppIcon;
				CODE_SIGN_STYLE = Automatic;
				INFOPLIST_FILE = SecondKadaiApp/Info.plist;
				LD_RUNPATH_SEARCH_PATHS = "$(inherited) @executable_path/Frameworks";
				PRODUCT_BUNDLE_IDENTIFIER = jp.techacademy.shota.kohsaka.SecondKadaiApp;
				PRODUCT_NAME = "$(TARGET_NAME)";
				SWIFT_VERSION = 4.0;
				TARGETED_DEVICE_FAMILY = "1,2";
			};
			name = Release;
		};
		D6244BE7214E9362003F9973 /* Debug */ = {
			isa = XCBuildConfiguration;
			buildSettings = {
				ALWAYS_EMBED_SWIFT_STANDARD_LIBRARIES = YES;
				BUNDLE_LOADER = "$(TEST_HOST)";
				CODE_SIGN_STYLE = Automatic;
				INFOPLIST_FILE = SecondKadaiAppTests/Info.plist;
				LD_RUNPATH_SEARCH_PATHS = "$(inherited) @executable_path/Frameworks @loader_path/Frameworks";
				PRODUCT_BUNDLE_IDENTIFIER = jp.techacademy.shota.kohsaka.SecondKadaiAppTests;
				PRODUCT_NAME = "$(TARGET_NAME)";
				SWIFT_VERSION = 4.0;
				TARGETED_DEVICE_FAMILY = "1,2";
				TEST_HOST = "$(BUILT_PRODUCTS_DIR)/SecondKadaiApp.app/SecondKadaiApp";
			};
			name = Debug;
		};
		D6244BE8214E9362003F9973 /* Release */ = {
			isa = XCBuildConfiguration;
			buildSettings = {
				ALWAYS_EMBED_SWIFT_STANDARD_LIBRARIES = YES;
				BUNDLE_LOADER = "$(TEST_HOST)";
				CODE_SIGN_STYLE = Automatic;
				INFOPLIST_FILE = SecondKadaiAppTests/Info.plist;
				LD_RUNPATH_SEARCH_PATHS = "$(inherited) @executable_path/Frameworks @loader_path/Frameworks";
				PRODUCT_BUNDLE_IDENTIFIER = jp.techacademy.shota.kohsaka.SecondKadaiAppTests;
				PRODUCT_NAME = "$(TARGET_NAME)";
				SWIFT_VERSION = 4.0;
				TARGETED_DEVICE_FAMILY = "1,2";
				TEST_HOST = "$(BUILT_PRODUCTS_DIR)/SecondKadaiApp.app/SecondKadaiApp";
			};
			name = Release;
		};
		D6244BEA214E9362003F9973 /* Debug */ = {
			isa = XCBuildConfiguration;
			buildSettings = {
				ALWAYS_EMBED_SWIFT_STANDARD_LIBRARIES = YES;
				CODE_SIGN_STYLE = Automatic;
				INFOPLIST_FILE = SecondKadaiAppUITests/Info.plist;
				LD_RUNPATH_SEARCH_PATHS = "$(inherited) @executable_path/Frameworks @loader_path/Frameworks";
				PRODUCT_BUNDLE_IDENTIFIER = jp.techacademy.shota.kohsaka.SecondKadaiAppUITests;
				PRODUCT_NAME = "$(TARGET_NAME)";
				SWIFT_VERSION = 4.0;
				TARGETED_DEVICE_FAMILY = "1,2";
				TEST_TARGET_NAME = SecondKadaiApp;
			};
			name = Debug;
		};
		D6244BEB214E9362003F9973 /* Release */ = {
			isa = XCBuildConfiguration;
			buildSettings = {
				ALWAYS_EMBED_SWIFT_STANDARD_LIBRARIES = YES;
				CODE_SIGN_STYLE = Automatic;
				INFOPLIST_FILE = SecondKadaiAppUITests/Info.plist;
				LD_RUNPATH_SEARCH_PATHS = "$(inherited) @executable_path/Frameworks @loader_path/Frameworks";
				PRODUCT_BUNDLE_IDENTIFIER = jp.techacademy.shota.kohsaka.SecondKadaiAppUITests;
				PRODUCT_NAME = "$(TARGET_NAME)";
				SWIFT_VERSION = 4.0;
				TARGETED_DEVICE_FAMILY = "1,2";
				TEST_TARGET_NAME = SecondKadaiApp;
			};
			name = Release;
		};
/* End XCBuildConfiguration section */

/* Begin XCConfigurationList section */
		D6244BB6214E9361003F9973 /* Build configuration list for PBXProject "SecondKadaiApp" */ = {
			isa = XCConfigurationList;
			buildConfigurations = (
				D6244BE1214E9362003F9973 /* Debug */,
				D6244BE2214E9362003F9973 /* Release */,
			);
			defaultConfigurationIsVisible = 0;
			defaultConfigurationName = Release;
		};
		D6244BE3214E9362003F9973 /* Build configuration list for PBXNativeTarget "SecondKadaiApp" */ = {
			isa = XCConfigurationList;
			buildConfigurations = (
				D6244BE4214E9362003F9973 /* Debug */,
				D6244BE5214E9362003F9973 /* Release */,
			);
			defaultConfigurationIsVisible = 0;
			defaultConfigurationName = Release;
		};
		D6244BE6214E9362003F9973 /* Build configuration list for PBXNativeTarget "SecondKadaiAppTests" */ = {
			isa = XCConfigurationList;
			buildConfigurations = (
				D6244BE7214E9362003F9973 /* Debug */,
				D6244BE8214E9362003F9973 /* Release */,
			);
			defaultConfigurationIsVisible = 0;
			defaultConfigurationName = Release;
		};
		D6244BE9214E9362003F9973 /* Build configuration list for PBXNativeTarget "SecondKadaiAppUITests" */ = {
			isa = XCConfigurationList;
			buildConfigurations = (
				D6244BEA214E9362003F9973 /* Debug */,
				D6244BEB214E9362003F9973 /* Release */,
			);
			defaultConfigurationIsVisible = 0;
			defaultConfigurationName = Release;
		};
/* End XCConfigurationList section */
	};
	rootObject = D6244BB3214E9361003F9973 /* Project object */;
}
